
Microsoft Visual Studio Solution File, Format Version 12.00
# Visual Studio Version 17
VisualStudioVersion = 17.11.35312.102
MinimumVisualStudioVersion = 10.0.40219.1
Project("{FAE04EC0-301F-11D3-BF4B-00C04F79EFBC}") = "Arguello_ExamenP2", "Arguello_ExamenP2.csproj", "{9AAA4357-E559-4879-BE0B-B354E797F360}"
EndProject
Global
	GlobalSection(SolutionConfigurationPlatforms) = preSolution
		Debug|Any CPU = Debug|Any CPU
		Release|Any CPU = Release|Any CPU
	EndGlobalSection
	GlobalSection(ProjectConfigurationPlatforms) = postSolution
		{9AAA4357-E559-4879-BE0B-B354E797F360}.Debug|Any CPU.ActiveCfg = Debug|Any CPU
		{9AAA4357-E559-4879-BE0B-B354E797F360}.Debug|Any CPU.Build.0 = Debug|Any CPU
		{9AAA4357-E559-4879-BE0B-B354E797F360}.Debug|Any CPU.Deploy.0 = Debug|Any CPU
		{9AAA4357-E559-4879-BE0B-B354E797F360}.Release|Any CPU.ActiveCfg = Release|Any CPU
		{9AAA4357-E559-4879-BE0B-B354E797F360}.Release|Any CPU.Build.0 = Release|Any CPU
		{9AAA4357-E559-4879-BE0B-B354E797F360}.Release|Any CPU.Deploy.0 = Release|Any CPU
	EndGlobalSection
	GlobalSection(SolutionProperties) = preSolution
		HideSolutionNode = FALSE
	EndGlobalSection
	GlobalSection(ExtensibilityGlobals) = postSolution
		SolutionGuid = {1ACE35D1-4177-48CE-8CC0-E9B875C9DED2}
	EndGlobalSection
EndGlobal
